{
  "originHash" : "bc43372683a3b6778edebff858d41b627564d06d49ffaea08e345377d14e0759",
  "pins" : [
    {
      "identity" : "stream-core-swift",
      "kind" : "remoteSourceControl",
      "location" : "https://github.com/GetStream/stream-core-swift.git",
      "state" : {
        "branch" : "main",
        "revision" : "113dcd33b1249e9e6938c9ab6336d75765ce9624"
      }
    }
  ],
  "version" : 3
}
